// !$*UTF8*$!
{
	archiveVersion = 1;
	classes = {
	};
	objectVersion = 56;
	objects = {

/* Begin PBXBuildFile section */
		9205F8292B58453600B62B32 /* AppDelegate.swift in Sources */ = {isa = PBXBuildFile; fileRef = 9205F8282B58453600B62B32 /* AppDelegate.swift */; };
		9205F82B2B58453600B62B32 /* SceneDelegate.swift in Sources */ = {isa = PBXBuildFile; fileRef = 9205F82A2B58453600B62B32 /* SceneDelegate.swift */; };
		9205F8322B58453800B62B32 /* Assets.xcassets in Resources */ = {isa = PBXBuildFile; fileRef = 9205F8312B58453800B62B32 /* Assets.xcassets */; };
		9205F8352B58453800B62B32 /* LaunchScreen.storyboard in Resources */ = {isa = PBXBuildFile; fileRef = 9205F8332B58453800B62B32 /* LaunchScreen.storyboard */; };
		9205F83E2B5846B000B62B32 /* SnapKit in Frameworks */ = {isa = PBXBuildFile; productRef = 9205F83D2B5846B000B62B32 /* SnapKit */; };
		9205F8402B5846B000B62B32 /* SnapKit-Dynamic in Frameworks */ = {isa = PBXBuildFile; productRef = 9205F83F2B5846B000B62B32 /* SnapKit-Dynamic */; };
		9205F8422B58470300B62B32 /* MyRidesViewController.swift in Sources */ = {isa = PBXBuildFile; fileRef = 9205F8412B58470300B62B32 /* MyRidesViewController.swift */; };
		9205F8482B584D9200B62B32 /* UINavigationBarAppearance+Utility.swift in Sources */ = {isa = PBXBuildFile; fileRef = 9205F8472B584D9200B62B32 /* UINavigationBarAppearance+Utility.swift */; };
		9205F84A2B584E0A00B62B32 /* UIColor+Utility.swift in Sources */ = {isa = PBXBuildFile; fileRef = 9205F8492B584E0A00B62B32 /* UIColor+Utility.swift */; };
		9205F84C2B58539300B62B32 /* RideCell.swift in Sources */ = {isa = PBXBuildFile; fileRef = 9205F84B2B58539300B62B32 /* RideCell.swift */; };
		9205F84E2B5855CB00B62B32 /* UICollectionViewCell+Utility.swift in Sources */ = {isa = PBXBuildFile; fileRef = 9205F84D2B5855CB00B62B32 /* UICollectionViewCell+Utility.swift */; };
		9205F8502B587FB900B62B32 /* Trip.swift in Sources */ = {isa = PBXBuildFile; fileRef = 9205F84F2B587FB900B62B32 /* Trip.swift */; };
		9205F8522B58881B00B62B32 /* DateFormatter+Utility.swift in Sources */ = {isa = PBXBuildFile; fileRef = 9205F8512B58881B00B62B32 /* DateFormatter+Utility.swift */; };
		9205F8542B598C5500B62B32 /* APIClient.swift in Sources */ = {isa = PBXBuildFile; fileRef = 9205F8532B598C5500B62B32 /* APIClient.swift */; };
		9223C7542B5C27C40003B9BF /* AddressListView.swift in Sources */ = {isa = PBXBuildFile; fileRef = 9223C7532B5C27C40003B9BF /* AddressListView.swift */; };
		9223C7562B5C40E70003B9BF /* AlertViewController.swift in Sources */ = {isa = PBXBuildFile; fileRef = 9223C7552B5C40E70003B9BF /* AlertViewController.swift */; };
		9286ED162B59AB270064ECC0 /* AppConfiguration.swift in Sources */ = {isa = PBXBuildFile; fileRef = 9286ED152B59AB270064ECC0 /* AppConfiguration.swift */; };
		9286ED182B59C4E20064ECC0 /* RideHeaderView.swift in Sources */ = {isa = PBXBuildFile; fileRef = 9286ED172B59C4E20064ECC0 /* RideHeaderView.swift */; };
		9286ED1A2B59C6710064ECC0 /* MyRidesViewController+Layout.swift in Sources */ = {isa = PBXBuildFile; fileRef = 9286ED192B59C6710064ECC0 /* MyRidesViewController+Layout.swift */; };
		9286ED202B5AFA580064ECC0 /* RideDetailsViewController.swift in Sources */ = {isa = PBXBuildFile; fileRef = 9286ED1F2B5AFA580064ECC0 /* RideDetailsViewController.swift */; };
		9286ED232B5AFADF0064ECC0 /* MyRides.swift in Sources */ = {isa = PBXBuildFile; fileRef = 9286ED222B5AFADF0064ECC0 /* MyRides.swift */; };
		9286ED292B5B07770064ECC0 /* SimpleLabelView.swift in Sources */ = {isa = PBXBuildFile; fileRef = 9286ED282B5B07770064ECC0 /* SimpleLabelView.swift */; };
/* End PBXBuildFile section */

/* Begin PBXFileReference section */
		9205F8252B58453600B62B32 /* MyRides.app */ = {isa = PBXFileReference; explicitFileType = wrapper.application; includeInIndex = 0; path = MyRides.app; sourceTree = BUILT_PRODUCTS_DIR; };
		9205F8282B58453600B62B32 /* AppDelegate.swift */ = {isa = PBXFileReference; lastKnownFileType = sourcecode.swift; path = AppDelegate.swift; sourceTree = "<group>"; };
		9205F82A2B58453600B62B32 /* SceneDelegate.swift */ = {isa = PBXFileReference; lastKnownFileType = sourcecode.swift; path = SceneDelegate.swift; sourceTree = "<group>"; };
		9205F8312B58453800B62B32 /* Assets.xcassets */ = {isa = PBXFileReference; lastKnownFileType = folder.assetcatalog; path = Assets.xcassets; sourceTree = "<group>"; };
		9205F8342B58453800B62B32 /* Base */ = {isa = PBXFileReference; lastKnownFileType = file.storyboard; name = Base; path = Base.lproj/LaunchScreen.storyboard; sourceTree = "<group>"; };
		9205F8362B58453800B62B32 /* Info.plist */ = {isa = PBXFileReference; lastKnownFileType = text.plist.xml; path = Info.plist; sourceTree = "<group>"; };
		9205F8412B58470300B62B32 /* MyRidesViewController.swift */ = {isa = PBXFileReference; lastKnownFileType = sourcecode.swift; path = MyRidesViewController.swift; sourceTree = "<group>"; };
		9205F8472B584D9200B62B32 /* UINavigationBarAppearance+Utility.swift */ = {isa = PBXFileReference; lastKnownFileType = sourcecode.swift; path = "UINavigationBarAppearance+Utility.swift"; sourceTree = "<group>"; };
		9205F8492B584E0A00B62B32 /* UIColor+Utility.swift */ = {isa = PBXFileReference; lastKnownFileType = sourcecode.swift; path = "UIColor+Utility.swift"; sourceTree = "<group>"; };
		9205F84B2B58539300B62B32 /* RideCell.swift */ = {isa = PBXFileReference; lastKnownFileType = sourcecode.swift; path = RideCell.swift; sourceTree = "<group>"; };
		9205F84D2B5855CB00B62B32 /* UICollectionViewCell+Utility.swift */ = {isa = PBXFileReference; lastKnownFileType = sourcecode.swift; path = "UICollectionViewCell+Utility.swift"; sourceTree = "<group>"; };
		9205F84F2B587FB900B62B32 /* Trip.swift */ = {isa = PBXFileReference; lastKnownFileType = sourcecode.swift; path = Trip.swift; sourceTree = "<group>"; };
		9205F8512B58881B00B62B32 /* DateFormatter+Utility.swift */ = {isa = PBXFileReference; lastKnownFileType = sourcecode.swift; path = "DateFormatter+Utility.swift"; sourceTree = "<group>"; };
		9205F8532B598C5500B62B32 /* APIClient.swift */ = {isa = PBXFileReference; lastKnownFileType = sourcecode.swift; path = APIClient.swift; sourceTree = "<group>"; };
		9223C7532B5C27C40003B9BF /* AddressListView.swift */ = {isa = PBXFileReference; lastKnownFileType = sourcecode.swift; path = AddressListView.swift; sourceTree = "<group>"; };
		9223C7552B5C40E70003B9BF /* AlertViewController.swift */ = {isa = PBXFileReference; lastKnownFileType = sourcecode.swift; path = AlertViewController.swift; sourceTree = "<group>"; };
		9286ED152B59AB270064ECC0 /* AppConfiguration.swift */ = {isa = PBXFileReference; lastKnownFileType = sourcecode.swift; path = AppConfiguration.swift; sourceTree = "<group>"; };
		9286ED172B59C4E20064ECC0 /* RideHeaderView.swift */ = {isa = PBXFileReference; lastKnownFileType = sourcecode.swift; path = RideHeaderView.swift; sourceTree = "<group>"; };
		9286ED192B59C6710064ECC0 /* MyRidesViewController+Layout.swift */ = {isa = PBXFileReference; lastKnownFileType = sourcecode.swift; path = "MyRidesViewController+Layout.swift"; sourceTree = "<group>"; };
		9286ED1F2B5AFA580064ECC0 /* RideDetailsViewController.swift */ = {isa = PBXFileReference; lastKnownFileType = sourcecode.swift; path = RideDetailsViewController.swift; sourceTree = "<group>"; };
		9286ED222B5AFADF0064ECC0 /* MyRides.swift */ = {isa = PBXFileReference; lastKnownFileType = sourcecode.swift; path = MyRides.swift; sourceTree = "<group>"; };
		9286ED282B5B07770064ECC0 /* SimpleLabelView.swift */ = {isa = PBXFileReference; lastKnownFileType = sourcecode.swift; path = SimpleLabelView.swift; sourceTree = "<group>"; };
/* End PBXFileReference section */

/* Begin PBXFrameworksBuildPhase section */
		9205F8222B58453600B62B32 /* Frameworks */ = {
			isa = PBXFrameworksBuildPhase;
			buildActionMask = 2147483647;
			files = (
				9205F83E2B5846B000B62B32 /* SnapKit in Frameworks */,
				9205F8402B5846B000B62B32 /* SnapKit-Dynamic in Frameworks */,
			);
			runOnlyForDeploymentPostprocessing = 0;
		};
/* End PBXFrameworksBuildPhase section */

/* Begin PBXGroup section */
		9205F81C2B58453600B62B32 = {
			isa = PBXGroup;
			children = (
				9205F8272B58453600B62B32 /* MyRides */,
				9205F8262B58453600B62B32 /* Products */,
			);
			sourceTree = "<group>";
		};
		9205F8262B58453600B62B32 /* Products */ = {
			isa = PBXGroup;
			children = (
				9205F8252B58453600B62B32 /* MyRides.app */,
			);
			name = Products;
			sourceTree = "<group>";
		};
		9205F8272B58453600B62B32 /* MyRides */ = {
			isa = PBXGroup;
			children = (
				9286ED1B2B59EF360064ECC0 /* Shared */,
				9205F8462B584D6400B62B32 /* Utilities */,
				9205F8432B584AF300B62B32 /* MyRides */,
				9286ED1E2B5AFA180064ECC0 /* RideDetails */,
				9205F8282B58453600B62B32 /* AppDelegate.swift */,
				9205F82A2B58453600B62B32 /* SceneDelegate.swift */,
				9205F8312B58453800B62B32 /* Assets.xcassets */,
				9205F8332B58453800B62B32 /* LaunchScreen.storyboard */,
				9205F8362B58453800B62B32 /* Info.plist */,
			);
			path = MyRides;
			sourceTree = "<group>";
		};
		9205F8432B584AF300B62B32 /* MyRides */ = {
			isa = PBXGroup;
			children = (
				9286ED272B5B00360064ECC0 /* Views */,
				9286ED242B5AFE220064ECC0 /* ViewController */,
				9286ED212B5AFAD00064ECC0 /* Model */,
			);
			path = MyRides;
			sourceTree = "<group>";
		};
		9205F8462B584D6400B62B32 /* Utilities */ = {
			isa = PBXGroup;
			children = (
				9205F8472B584D9200B62B32 /* UINavigationBarAppearance+Utility.swift */,
				9205F8492B584E0A00B62B32 /* UIColor+Utility.swift */,
				9205F84D2B5855CB00B62B32 /* UICollectionViewCell+Utility.swift */,
				9205F8512B58881B00B62B32 /* DateFormatter+Utility.swift */,
			);
			path = Utilities;
			sourceTree = "<group>";
		};
		9286ED1B2B59EF360064ECC0 /* Shared */ = {
			isa = PBXGroup;
			children = (
				9205F8532B598C5500B62B32 /* APIClient.swift */,
				9286ED152B59AB270064ECC0 /* AppConfiguration.swift */,
			);
			path = Shared;
			sourceTree = "<group>";
		};
		9286ED1E2B5AFA180064ECC0 /* RideDetails */ = {
			isa = PBXGroup;
			children = (
				9286ED262B5B002D0064ECC0 /* Views */,
				9286ED252B5B00250064ECC0 /* ViewController */,
			);
			path = RideDetails;
			sourceTree = "<group>";
		};
		9286ED212B5AFAD00064ECC0 /* Model */ = {
			isa = PBXGroup;
			children = (
				9286ED222B5AFADF0064ECC0 /* MyRides.swift */,
				9205F84F2B587FB900B62B32 /* Trip.swift */,
			);
			path = Model;
			sourceTree = "<group>";
		};
		9286ED242B5AFE220064ECC0 /* ViewController */ = {
			isa = PBXGroup;
			children = (
				9205F8412B58470300B62B32 /* MyRidesViewController.swift */,
				9286ED192B59C6710064ECC0 /* MyRidesViewController+Layout.swift */,
			);
			path = ViewController;
			sourceTree = "<group>";
		};
		9286ED252B5B00250064ECC0 /* ViewController */ = {
			isa = PBXGroup;
			children = (
				9286ED1F2B5AFA580064ECC0 /* RideDetailsViewController.swift */,
			);
			path = ViewController;
			sourceTree = "<group>";
		};
		9286ED262B5B002D0064ECC0 /* Views */ = {
			isa = PBXGroup;
			children = (
				9286ED282B5B07770064ECC0 /* SimpleLabelView.swift */,
				9223C7532B5C27C40003B9BF /* AddressListView.swift */,
				9223C7552B5C40E70003B9BF /* AlertViewController.swift */,
			);
			path = Views;
			sourceTree = "<group>";
		};
		9286ED272B5B00360064ECC0 /* Views */ = {
			isa = PBXGroup;
			children = (
				9205F84B2B58539300B62B32 /* RideCell.swift */,
				9286ED172B59C4E20064ECC0 /* RideHeaderView.swift */,
			);
			path = Views;
			sourceTree = "<group>";
		};
/* End PBXGroup section */

/* Begin PBXNativeTarget section */
		9205F8242B58453600B62B32 /* MyRides */ = {
			isa = PBXNativeTarget;
			buildConfigurationList = 9205F8392B58453800B62B32 /* Build configuration list for PBXNativeTarget "MyRides" */;
			buildPhases = (
				9205F8212B58453600B62B32 /* Sources */,
				9205F8222B58453600B62B32 /* Frameworks */,
				9205F8232B58453600B62B32 /* Resources */,
			);
			buildRules = (
			);
			dependencies = (
			);
			name = MyRides;
			packageProductDependencies = (
				9205F83D2B5846B000B62B32 /* SnapKit */,
				9205F83F2B5846B000B62B32 /* SnapKit-Dynamic */,
			);
			productName = MyRides;
			productReference = 9205F8252B58453600B62B32 /* MyRides.app */;
			productType = "com.apple.product-type.application";
		};
/* End PBXNativeTarget section */

/* Begin PBXProject section */
		9205F81D2B58453600B62B32 /* Project object */ = {
			isa = PBXProject;
			attributes = {
				BuildIndependentTargetsInParallel = 1;
				LastSwiftUpdateCheck = 1520;
				LastUpgradeCheck = 1520;
				TargetAttributes = {
					9205F8242B58453600B62B32 = {
						CreatedOnToolsVersion = 15.2;
					};
				};
			};
			buildConfigurationList = 9205F8202B58453600B62B32 /* Build configuration list for PBXProject "MyRides" */;
			compatibilityVersion = "Xcode 14.0";
			developmentRegion = en;
			hasScannedForEncodings = 0;
			knownRegions = (
				en,
				Base,
			);
			mainGroup = 9205F81C2B58453600B62B32;
			packageReferences = (
				9205F83C2B5846B000B62B32 /* XCRemoteSwiftPackageReference "SnapKit" */,
			);
			productRefGroup = 9205F8262B58453600B62B32 /* Products */;
			projectDirPath = "";
			projectRoot = "";
			targets = (
				9205F8242B58453600B62B32 /* MyRides */,
			);
		};
/* End PBXProject section */

/* Begin PBXResourcesBuildPhase section */
		9205F8232B58453600B62B32 /* Resources */ = {
			isa = PBXResourcesBuildPhase;
			buildActionMask = 2147483647;
			files = (
				9205F8352B58453800B62B32 /* LaunchScreen.storyboard in Resources */,
				9205F8322B58453800B62B32 /* Assets.xcassets in Resources */,
			);
			runOnlyForDeploymentPostprocessing = 0;
		};
/* End PBXResourcesBuildPhase section */

/* Begin PBXSourcesBuildPhase section */
		9205F8212B58453600B62B32 /* Sources */ = {
			isa = PBXSourcesBuildPhase;
			buildActionMask = 2147483647;
			files = (
				9205F8482B584D9200B62B32 /* UINavigationBarAppearance+Utility.swift in Sources */,
				9205F84C2B58539300B62B32 /* RideCell.swift in Sources */,
				9286ED292B5B07770064ECC0 /* SimpleLabelView.swift in Sources */,
				9205F84E2B5855CB00B62B32 /* UICollectionViewCell+Utility.swift in Sources */,
				9223C7562B5C40E70003B9BF /* AlertViewController.swift in Sources */,
				9205F8542B598C5500B62B32 /* APIClient.swift in Sources */,
				9205F8292B58453600B62B32 /* AppDelegate.swift in Sources */,
				9286ED232B5AFADF0064ECC0 /* MyRides.swift in Sources */,
				9286ED162B59AB270064ECC0 /* AppConfiguration.swift in Sources */,
				9286ED202B5AFA580064ECC0 /* RideDetailsViewController.swift in Sources */,
				9205F8502B587FB900B62B32 /* Trip.swift in Sources */,
				9205F84A2B584E0A00B62B32 /* UIColor+Utility.swift in Sources */,
				9223C7542B5C27C40003B9BF /* AddressListView.swift in Sources */,
				9205F8522B58881B00B62B32 /* DateFormatter+Utility.swift in Sources */,
				9205F8422B58470300B62B32 /* MyRidesViewController.swift in Sources */,
				9286ED1A2B59C6710064ECC0 /* MyRidesViewController+Layout.swift in Sources */,
				9205F82B2B58453600B62B32 /* SceneDelegate.swift in Sources */,
				9286ED182B59C4E20064ECC0 /* RideHeaderView.swift in Sources */,
			);
			runOnlyForDeploymentPostprocessing = 0;
		};
/* End PBXSourcesBuildPhase section */

/* Begin PBXVariantGroup section */
		9205F8332B58453800B62B32 /* LaunchScreen.storyboard */ = {
			isa = PBXVariantGroup;
			children = (
				9205F8342B58453800B62B32 /* Base */,
			);
			name = LaunchScreen.storyboard;
			sourceTree = "<group>";
		};
/* End PBXVariantGroup section */

/* Begin XCBuildConfiguration section */
		9205F8372B58453800B62B32 /* Debug */ = {
			isa = XCBuildConfiguration;
			buildSettings = {
				ALWAYS_SEARCH_USER_PATHS = NO;
				ASSETCATALOG_COMPILER_GENERATE_SWIFT_ASSET_SYMBOL_EXTENSIONS = YES;
				CLANG_ANALYZER_NONNULL = YES;
				CLANG_ANALYZER_NUMBER_OBJECT_CONVERSION = YES_AGGRESSIVE;
				CLANG_CXX_LANGUAGE_STANDARD = "gnu++20";
				CLANG_ENABLE_MODULES = YES;
				CLANG_ENABLE_OBJC_ARC = YES;
				CLANG_ENABLE_OBJC_WEAK = YES;
				CLANG_WARN_BLOCK_CAPTURE_AUTORELEASING = YES;
				CLANG_WARN_BOOL_CONVERSION = YES;
				CLANG_WARN_COMMA = YES;
				CLANG_WARN_CONSTANT_CONVERSION = YES;
				CLANG_WARN_DEPRECATED_OBJC_IMPLEMENTATIONS = YES;
				CLANG_WARN_DIRECT_OBJC_ISA_USAGE = YES_ERROR;
				CLANG_WARN_DOCUMENTATION_COMMENTS = YES;
				CLANG_WARN_EMPTY_BODY = YES;
				CLANG_WARN_ENUM_CONVERSION = YES;
				CLANG_WARN_INFINITE_RECURSION = YES;
				CLANG_WARN_INT_CONVERSION = YES;
				CLANG_WARN_NON_LITERAL_NULL_CONVERSION = YES;
				CLANG_WARN_OBJC_IMPLICIT_RETAIN_SELF = YES;
				CLANG_WARN_OBJC_LITERAL_CONVERSION = YES;
				CLANG_WARN_OBJC_ROOT_CLASS = YES_ERROR;
				CLANG_WARN_QUOTED_INCLUDE_IN_FRAMEWORK_HEADER = YES;
				CLANG_WARN_RANGE_LOOP_ANALYSIS = YES;
				CLANG_WARN_STRICT_PROTOTYPES = YES;
				CLANG_WARN_SUSPICIOUS_MOVE = YES;
				CLANG_WARN_UNGUARDED_AVAILABILITY = YES_AGGRESSIVE;
				CLANG_WARN_UNREACHABLE_CODE = YES;
				CLANG_WARN__DUPLICATE_METHOD_MATCH = YES;
				COPY_PHASE_STRIP = NO;
				DEBUG_INFORMATION_FORMAT = dwarf;
				ENABLE_STRICT_OBJC_MSGSEND = YES;
				ENABLE_TESTABILITY = YES;
				ENABLE_USER_SCRIPT_SANDBOXING = YES;
				GCC_C_LANGUAGE_STANDARD = gnu17;
				GCC_DYNAMIC_NO_PIC = NO;
				GCC_NO_COMMON_BLOCKS = YES;
				GCC_OPTIMIZATION_LEVEL = 0;
				GCC_PREPROCESSOR_DEFINITIONS = (
					"DEBUG=1",
					"$(inherited)",
				);
				GCC_WARN_64_TO_32_BIT_CONVERSION = YES;
				GCC_WARN_ABOUT_RETURN_TYPE = YES_ERROR;
				GCC_WARN_UNDECLARED_SELECTOR = YES;
				GCC_WARN_UNINITIALIZED_AUTOS = YES_AGGRESSIVE;
				GCC_WARN_UNUSED_FUNCTION = YES;
				GCC_WARN_UNUSED_VARIABLE = YES;
				IPHONEOS_DEPLOYMENT_TARGET = 17.2;
				LOCALIZATION_PREFERS_STRING_CATALOGS = YES;
				MTL_ENABLE_DEBUG_INFO = INCLUDE_SOURCE;
				MTL_FAST_MATH = YES;
				ONLY_ACTIVE_ARCH = YES;
				SDKROOT = iphoneos;
				SWIFT_ACTIVE_COMPILATION_CONDITIONS = "DEBUG $(inherited)";
				SWIFT_OPTIMIZATION_LEVEL = "-Onone";
			};
			name = Debug;
		};
		9205F8382B58453800B62B32 /* Release */ = {
			isa = XCBuildConfiguration;
			buildSettings = {
				ALWAYS_SEARCH_USER_PATHS = NO;
				ASSETCATALOG_COMPILER_GENERATE_SWIFT_ASSET_SYMBOL_EXTENSIONS = YES;
				CLANG_ANALYZER_NONNULL = YES;
				CLANG_ANALYZER_NUMBER_OBJECT_CONVERSION = YES_AGGRESSIVE;
				CLANG_CXX_LANGUAGE_STANDARD = "gnu++20";
				CLANG_ENABLE_MODULES = YES;
				CLANG_ENABLE_OBJC_ARC = YES;
				CLANG_ENABLE_OBJC_WEAK = YES;
				CLANG_WARN_BLOCK_CAPTURE_AUTORELEASING = YES;
				CLANG_WARN_BOOL_CONVERSION = YES;
				CLANG_WARN_COMMA = YES;
				CLANG_WARN_CONSTANT_CONVERSION = YES;
				CLANG_WARN_DEPRECATED_OBJC_IMPLEMENTATIONS = YES;
				CLANG_WARN_DIRECT_OBJC_ISA_USAGE = YES_ERROR;
				CLANG_WARN_DOCUMENTATION_COMMENTS = YES;
				CLANG_WARN_EMPTY_BODY = YES;
				CLANG_WARN_ENUM_CONVERSION = YES;
				CLANG_WARN_INFINITE_RECURSION = YES;
				CLANG_WARN_INT_CONVERSION = YES;
				CLANG_WARN_NON_LITERAL_NULL_CONVERSION = YES;
				CLANG_WARN_OBJC_IMPLICIT_RETAIN_SELF = YES;
				CLANG_WARN_OBJC_LITERAL_CONVERSION = YES;
				CLANG_WARN_OBJC_ROOT_CLASS = YES_ERROR;
				CLANG_WARN_QUOTED_INCLUDE_IN_FRAMEWORK_HEADER = YES;
				CLANG_WARN_RANGE_LOOP_ANALYSIS = YES;
				CLANG_WARN_STRICT_PROTOTYPES = YES;
				CLANG_WARN_SUSPICIOUS_MOVE = YES;
				CLANG_WARN_UNGUARDED_AVAILABILITY = YES_AGGRESSIVE;
				CLANG_WARN_UNREACHABLE_CODE = YES;
				CLANG_WARN__DUPLICATE_METHOD_MATCH = YES;
				COPY_PHASE_STRIP = NO;
				DEBUG_INFORMATION_FORMAT = "dwarf-with-dsym";
				ENABLE_NS_ASSERTIONS = NO;
				ENABLE_STRICT_OBJC_MSGSEND = YES;
				ENABLE_USER_SCRIPT_SANDBOXING = YES;
				GCC_C_LANGUAGE_STANDARD = gnu17;
				GCC_NO_COMMON_BLOCKS = YES;
				GCC_WARN_64_TO_32_BIT_CONVERSION = YES;
				GCC_WARN_ABOUT_RETURN_TYPE = YES_ERROR;
				GCC_WARN_UNDECLARED_SELECTOR = YES;
				GCC_WARN_UNINITIALIZED_AUTOS = YES_AGGRESSIVE;
				GCC_WARN_UNUSED_FUNCTION = YES;
				GCC_WARN_UNUSED_VARIABLE = YES;
				IPHONEOS_DEPLOYMENT_TARGET = 17.2;
				LOCALIZATION_PREFERS_STRING_CATALOGS = YES;
				MTL_ENABLE_DEBUG_INFO = NO;
				MTL_FAST_MATH = YES;
				SDKROOT = iphoneos;
				SWIFT_COMPILATION_MODE = wholemodule;
				VALIDATE_PRODUCT = YES;
			};
			name = Release;
		};
		9205F83A2B58453800B62B32 /* Debug */ = {
			isa = XCBuildConfiguration;
			buildSettings = {
				ASSETCATALOG_COMPILER_APPICON_NAME = AppIcon;
				ASSETCATALOG_COMPILER_GLOBAL_ACCENT_COLOR_NAME = AccentColor;
				CODE_SIGN_STYLE = Automatic;
				CURRENT_PROJECT_VERSION = 1;
				GENERATE_INFOPLIST_FILE = YES;
				INFOPLIST_FILE = MyRides/Info.plist;
				INFOPLIST_KEY_UIApplicationSupportsIndirectInputEvents = YES;
				INFOPLIST_KEY_UILaunchStoryboardName = LaunchScreen;
				INFOPLIST_KEY_UISupportedInterfaceOrientations_iPad = "UIInterfaceOrientationPortrait UIInterfaceOrientationPortraitUpsideDown UIInterfaceOrientationLandscapeLeft UIInterfaceOrientationLandscapeRight";
				INFOPLIST_KEY_UISupportedInterfaceOrientations_iPhone = "UIInterfaceOrientationPortrait UIInterfaceOrientationLandscapeLeft UIInterfaceOrientationLandscapeRight";
				LD_RUNPATH_SEARCH_PATHS = (
					"$(inherited)",
					"@executable_path/Frameworks",
				);
				MARKETING_VERSION = 1.0;
				PRODUCT_BUNDLE_IDENTIFIER = com.anthonymarasia.MyRides;
				PRODUCT_NAME = "$(TARGET_NAME)";
				SUPPORTED_PLATFORMS = "iphoneos iphonesimulator";
				SUPPORTS_MACCATALYST = NO;
				SUPPORTS_MAC_DESIGNED_FOR_IPHONE_IPAD = NO;
				SUPPORTS_XR_DESIGNED_FOR_IPHONE_IPAD = NO;
				SWIFT_EMIT_LOC_STRINGS = YES;
				SWIFT_VERSION = 5.0;
				TARGETED_DEVICE_FAMILY = "1,2";
			};
			name = Debug;
		};
		9205F83B2B58453800B62B32 /* Release */ = {
			isa = XCBuildConfiguration;
			buildSettings = {
				ASSETCATALOG_COMPILER_APPICON_NAME = AppIcon;
				ASSETCATALOG_COMPILER_GLOBAL_ACCENT_COLOR_NAME = AccentColor;
				CODE_SIGN_STYLE = Automatic;
				CURRENT_PROJECT_VERSION = 1;
				GENERATE_INFOPLIST_FILE = YES;
				INFOPLIST_FILE = MyRides/Info.plist;
				INFOPLIST_KEY_UIApplicationSupportsIndirectInputEvents = YES;
				INFOPLIST_KEY_UILaunchStoryboardName = LaunchScreen;
				INFOPLIST_KEY_UISupportedInterfaceOrientations_iPad = "UIInterfaceOrientationPortrait UIInterfaceOrientationPortraitUpsideDown UIInterfaceOrientationLandscapeLeft UIInterfaceOrientationLandscapeRight";
				INFOPLIST_KEY_UISupportedInterfaceOrientations_iPhone = "UIInterfaceOrientationPortrait UIInterfaceOrientationLandscapeLeft UIInterfaceOrientationLandscapeRight";
				LD_RUNPATH_SEARCH_PATHS = (
					"$(inherited)",
					"@executable_path/Frameworks",
				);
				MARKETING_VERSION = 1.0;
				PRODUCT_BUNDLE_IDENTIFIER = com.anthonymarasia.MyRides;
				PRODUCT_NAME = "$(TARGET_NAME)";
				SUPPORTED_PLATFORMS = "iphoneos iphonesimulator";
				SUPPORTS_MACCATALYST = NO;
				SUPPORTS_MAC_DESIGNED_FOR_IPHONE_IPAD = NO;
				SUPPORTS_XR_DESIGNED_FOR_IPHONE_IPAD = NO;
				SWIFT_EMIT_LOC_STRINGS = YES;
				SWIFT_VERSION = 5.0;
				TARGETED_DEVICE_FAMILY = "1,2";
			};
			name = Release;
		};
/* End XCBuildConfiguration section */

/* Begin XCConfigurationList section */
		9205F8202B58453600B62B32 /* Build configuration list for PBXProject "MyRides" */ = {
			isa = XCConfigurationList;
			buildConfigurations = (
				9205F8372B58453800B62B32 /* Debug */,
				9205F8382B58453800B62B32 /* Release */,
			);
			defaultConfigurationIsVisible = 0;
			defaultConfigurationName = Release;
		};
		9205F8392B58453800B62B32 /* Build configuration list for PBXNativeTarget "MyRides" */ = {
			isa = XCConfigurationList;
			buildConfigurations = (
				9205F83A2B58453800B62B32 /* Debug */,
				9205F83B2B58453800B62B32 /* Release */,
			);
			defaultConfigurationIsVisible = 0;
			defaultConfigurationName = Release;
		};
/* End XCConfigurationList section */

/* Begin XCRemoteSwiftPackageReference section */
		9205F83C2B5846B000B62B32 /* XCRemoteSwiftPackageReference "SnapKit" */ = {
			isa = XCRemoteSwiftPackageReference;
			repositoryURL = "https://github.com/SnapKit/SnapKit.git";
			requirement = {
				kind = upToNextMajorVersion;
				minimumVersion = 5.7.0;
			};
		};
/* End XCRemoteSwiftPackageReference section */

/* Begin XCSwiftPackageProductDependency section */
		9205F83D2B5846B000B62B32 /* SnapKit */ = {
			isa = XCSwiftPackageProductDependency;
			package = 9205F83C2B5846B000B62B32 /* XCRemoteSwiftPackageReference "SnapKit" */;
			productName = SnapKit;
		};
		9205F83F2B5846B000B62B32 /* SnapKit-Dynamic */ = {
			isa = XCSwiftPackageProductDependency;
			package = 9205F83C2B5846B000B62B32 /* XCRemoteSwiftPackageReference "SnapKit" */;
			productName = "SnapKit-Dynamic";
		};
/* End XCSwiftPackageProductDependency section */
	};
	rootObject = 9205F81D2B58453600B62B32 /* Project object */;
}
